
Microsoft Visual Studio Solution File, Format Version 12.00
# Visual Studio 15
VisualStudioVersion = 15.0.26228.9
MinimumVisualStudioVersion = 10.0.40219.1
Project("{FAE04EC0-301F-11D3-BF4B-00C04F79EFBC}") = "App2", "App2\App2.csproj", "{CD8D59A2-0212-4404-945A-C100DDDB6C94}"
EndProject
Project("{FAE04EC0-301F-11D3-BF4B-00C04F79EFBC}") = "UITest1", "UITest1\UITest1.csproj", "{05CD854F-32D1-44B2-AF2D-DE911228F5DA}"
EndProject
Global
	GlobalSection(SolutionConfigurationPlatforms) = preSolution
		Debug|Any CPU = Debug|Any CPU
		Release|Any CPU = Release|Any CPU
	EndGlobalSection
	GlobalSection(ProjectConfigurationPlatforms) = postSolution
		{CD8D59A2-0212-4404-945A-C100DDDB6C94}.Debug|Any CPU.ActiveCfg = Debug|Any CPU
		{CD8D59A2-0212-4404-945A-C100DDDB6C94}.Debug|Any CPU.Build.0 = Debug|Any CPU
		{CD8D59A2-0212-4404-945A-C100DDDB6C94}.Debug|Any CPU.Deploy.0 = Debug|Any CPU
		{CD8D59A2-0212-4404-945A-C100DDDB6C94}.Release|Any CPU.ActiveCfg = Release|Any CPU
		{CD8D59A2-0212-4404-945A-C100DDDB6C94}.Release|Any CPU.Build.0 = Release|Any CPU
		{CD8D59A2-0212-4404-945A-C100DDDB6C94}.Release|Any CPU.Deploy.0 = Release|Any CPU
		{05CD854F-32D1-44B2-AF2D-DE911228F5DA}.Debug|Any CPU.ActiveCfg = Debug|Any CPU
		{05CD854F-32D1-44B2-AF2D-DE911228F5DA}.Debug|Any CPU.Build.0 = Debug|Any CPU
		{05CD854F-32D1-44B2-AF2D-DE911228F5DA}.Release|Any CPU.ActiveCfg = Release|Any CPU
		{05CD854F-32D1-44B2-AF2D-DE911228F5DA}.Release|Any CPU.Build.0 = Release|Any CPU
	EndGlobalSection
	GlobalSection(SolutionProperties) = preSolution
		HideSolutionNode = FALSE
	EndGlobalSection
EndGlobal
